
Microsoft Visual Studio Solution File, Format Version 12.00
# Visual Studio Version 17
VisualStudioVersion = 17.6.33815.320
MinimumVisualStudioVersion = 10.0.40219.1
Project("{9A19103F-16F7-4668-BE54-9A1E7A4F7556}") = "DochazkovySystemUzivatel", "DochazkovySystem\DochazkovySystemUzivatel.csproj", "{AEF9B20D-363B-4E5D-83E0-159B9B02C558}"
EndProject
Global
	GlobalSection(SolutionConfigurationPlatforms) = preSolution
		Debug|Any CPU = Debug|Any CPU
		Release|Any CPU = Release|Any CPU
	EndGlobalSection
	GlobalSection(ProjectConfigurationPlatforms) = postSolution
		{AEF9B20D-363B-4E5D-83E0-159B9B02C558}.Debug|Any CPU.ActiveCfg = Release|Any CPU
		{AEF9B20D-363B-4E5D-83E0-159B9B02C558}.Debug|Any CPU.Build.0 = Release|Any CPU
		{AEF9B20D-363B-4E5D-83E0-159B9B02C558}.Release|Any CPU.ActiveCfg = Release|Any CPU
		{AEF9B20D-363B-4E5D-83E0-159B9B02C558}.Release|Any CPU.Build.0 = Release|Any CPU
	EndGlobalSection
	GlobalSection(SolutionProperties) = preSolution
		HideSolutionNode = FALSE
	EndGlobalSection
	GlobalSection(ExtensibilityGlobals) = postSolution
		SolutionGuid = {3F748406-DCF4-47A3-BC81-12522A93B585}
	EndGlobalSection
EndGlobal
